
Microsoft Visual Studio Solution File, Format Version 12.00
# Visual Studio Version 17
VisualStudioVersion = 17.4.32916.344
MinimumVisualStudioVersion = 10.0.40219.1
Project("{FAE04EC0-301F-11D3-BF4B-00C04F79EFBC}") = "Prog_124_W23_Lecture_9_Abstract", "Prog_124_W23_Lecture_9_Abstract.csproj", "{9C1F6EED-6412-49EA-B745-18B97DDBD710}"
EndProject
Global
	GlobalSection(SolutionConfigurationPlatforms) = preSolution
		Debug|Any CPU = Debug|Any CPU
		Release|Any CPU = Release|Any CPU
	EndGlobalSection
	GlobalSection(ProjectConfigurationPlatforms) = postSolution
		{9C1F6EED-6412-49EA-B745-18B97DDBD710}.Debug|Any CPU.ActiveCfg = Debug|Any CPU
		{9C1F6EED-6412-49EA-B745-18B97DDBD710}.Debug|Any CPU.Build.0 = Debug|Any CPU
		{9C1F6EED-6412-49EA-B745-18B97DDBD710}.Release|Any CPU.ActiveCfg = Release|Any CPU
		{9C1F6EED-6412-49EA-B745-18B97DDBD710}.Release|Any CPU.Build.0 = Release|Any CPU
	EndGlobalSection
	GlobalSection(SolutionProperties) = preSolution
		HideSolutionNode = FALSE
	EndGlobalSection
	GlobalSection(ExtensibilityGlobals) = postSolution
		SolutionGuid = {C6348286-5CCE-419A-B912-297E2BFF83A1}
	EndGlobalSection
EndGlobal
